
Microsoft Visual Studio Solution File, Format Version 12.00
# Visual Studio Express 2013 for Windows
VisualStudioVersion = 12.0.30324.0
MinimumVisualStudioVersion = 10.0.40219.1
Project("{FAE04EC0-301F-11D3-BF4B-00C04F79EFBC}") = "GameOfThronesQuiz", "GameOfThronesQuiz\GameOfThronesQuiz.csproj", "{7E8D815D-2054-4BFF-AB63-D9985F95F915}"
EndProject
Global
	GlobalSection(SolutionConfigurationPlatforms) = preSolution
		Debug|Any CPU = Debug|Any CPU
		Debug|ARM = Debug|ARM
		Debug|x86 = Debug|x86
		Release|Any CPU = Release|Any CPU
		Release|ARM = Release|ARM
		Release|x86 = Release|x86
	EndGlobalSection
	GlobalSection(ProjectConfigurationPlatforms) = postSolution
		{7E8D815D-2054-4BFF-AB63-D9985F95F915}.Debug|Any CPU.ActiveCfg = Debug|Any CPU
		{7E8D815D-2054-4BFF-AB63-D9985F95F915}.Debug|Any CPU.Build.0 = Debug|Any CPU
		{7E8D815D-2054-4BFF-AB63-D9985F95F915}.Debug|Any CPU.Deploy.0 = Debug|Any CPU
		{7E8D815D-2054-4BFF-AB63-D9985F95F915}.Debug|ARM.ActiveCfg = Debug|ARM
		{7E8D815D-2054-4BFF-AB63-D9985F95F915}.Debug|ARM.Build.0 = Debug|ARM
		{7E8D815D-2054-4BFF-AB63-D9985F95F915}.Debug|ARM.Deploy.0 = Debug|ARM
		{7E8D815D-2054-4BFF-AB63-D9985F95F915}.Debug|x86.ActiveCfg = Debug|x86
		{7E8D815D-2054-4BFF-AB63-D9985F95F915}.Debug|x86.Build.0 = Debug|x86
		{7E8D815D-2054-4BFF-AB63-D9985F95F915}.Debug|x86.Deploy.0 = Debug|x86
		{7E8D815D-2054-4BFF-AB63-D9985F95F915}.Release|Any CPU.ActiveCfg = Release|Any CPU
		{7E8D815D-2054-4BFF-AB63-D9985F95F915}.Release|Any CPU.Build.0 = Release|Any CPU
		{7E8D815D-2054-4BFF-AB63-D9985F95F915}.Release|Any CPU.Deploy.0 = Release|Any CPU
		{7E8D815D-2054-4BFF-AB63-D9985F95F915}.Release|ARM.ActiveCfg = Release|ARM
		{7E8D815D-2054-4BFF-AB63-D9985F95F915}.Release|ARM.Build.0 = Release|ARM
		{7E8D815D-2054-4BFF-AB63-D9985F95F915}.Release|ARM.Deploy.0 = Release|ARM
		{7E8D815D-2054-4BFF-AB63-D9985F95F915}.Release|x86.ActiveCfg = Release|x86
		{7E8D815D-2054-4BFF-AB63-D9985F95F915}.Release|x86.Build.0 = Release|x86
		{7E8D815D-2054-4BFF-AB63-D9985F95F915}.Release|x86.Deploy.0 = Release|x86
	EndGlobalSection
	GlobalSection(SolutionProperties) = preSolution
		HideSolutionNode = FALSE
	EndGlobalSection
EndGlobal
